// !$*UTF8*$!
{
	archiveVersion = 1;
	classes = {
	};
	objectVersion = 55;
	objects = {

/* Begin PBXBuildFile section */
		590E66DC2820AD3D00465CC7 /* Info_RugbyApp.swift in Sources */ = {isa = PBXBuildFile; fileRef = 590E66DB2820AD3D00465CC7 /* Info_RugbyApp.swift */; };
		590E66DE2820AD3D00465CC7 /* WhatIsRugby.swift in Sources */ = {isa = PBXBuildFile; fileRef = 590E66DD2820AD3D00465CC7 /* WhatIsRugby.swift */; };
		590E66E02820AD3E00465CC7 /* Assets.xcassets in Resources */ = {isa = PBXBuildFile; fileRef = 590E66DF2820AD3E00465CC7 /* Assets.xcassets */; };
		590E66E32820AD3E00465CC7 /* Preview Assets.xcassets in Resources */ = {isa = PBXBuildFile; fileRef = 590E66E22820AD3E00465CC7 /* Preview Assets.xcassets */; };
		590E66EA2820ADBD00465CC7 /* RugbyScore.swift in Sources */ = {isa = PBXBuildFile; fileRef = 590E66E92820ADBD00465CC7 /* RugbyScore.swift */; };
		590E66EC2820B1C800465CC7 /* RugbyLeagueUnion.swift in Sources */ = {isa = PBXBuildFile; fileRef = 590E66EB2820B1C800465CC7 /* RugbyLeagueUnion.swift */; };
		590E66EE2820BF9F00465CC7 /* RugbyVSAmericanFootball.swift in Sources */ = {isa = PBXBuildFile; fileRef = 590E66ED2820BF9F00465CC7 /* RugbyVSAmericanFootball.swift */; };
		590E66F02820C7AD00465CC7 /* TagAndTouch.swift in Sources */ = {isa = PBXBuildFile; fileRef = 590E66EF2820C7AD00465CC7 /* TagAndTouch.swift */; };
		590E66F62820DDA400465CC7 /* CardNewsFormat.swift in Sources */ = {isa = PBXBuildFile; fileRef = 590E66F52820DDA400465CC7 /* CardNewsFormat.swift */; };
		590E66F828216F1700465CC7 /* RugbyRules.swift in Sources */ = {isa = PBXBuildFile; fileRef = 590E66F728216F1700465CC7 /* RugbyRules.swift */; };
		590E66FB2821705C00465CC7 /* RugbyRulesFormat.swift in Sources */ = {isa = PBXBuildFile; fileRef = 590E66FA2821705C00465CC7 /* RugbyRulesFormat.swift */; };
		590E66FD28217D3000465CC7 /* TagTouchRules.swift in Sources */ = {isa = PBXBuildFile; fileRef = 590E66FC28217D3000465CC7 /* TagTouchRules.swift */; };
		590E670028217EFC00465CC7 /* TagTouchScore.swift in Sources */ = {isa = PBXBuildFile; fileRef = 590E66FF28217EFC00465CC7 /* TagTouchScore.swift */; };
		590E670528218A8600465CC7 /* FilterViewModel.swift in Sources */ = {isa = PBXBuildFile; fileRef = 590E670428218A8600465CC7 /* FilterViewModel.swift */; };
		590E67072821965300465CC7 /* GeneralView.swift in Sources */ = {isa = PBXBuildFile; fileRef = 590E67062821965300465CC7 /* GeneralView.swift */; };
		590E67092821966600465CC7 /* TagTouchView.swift in Sources */ = {isa = PBXBuildFile; fileRef = 590E67082821966600465CC7 /* TagTouchView.swift */; };
		590E67102821A49200465CC7 /* TabsView.swift in Sources */ = {isa = PBXBuildFile; fileRef = 590E670F2821A49200465CC7 /* TabsView.swift */; };
		590E67132821A6FF00465CC7 /* Info.swift in Sources */ = {isa = PBXBuildFile; fileRef = 590E67122821A6FF00465CC7 /* Info.swift */; };
		590E67172821A75000465CC7 /* Terminology.swift in Sources */ = {isa = PBXBuildFile; fileRef = 590E67162821A75000465CC7 /* Terminology.swift */; };
		59874002282269400031556D /* Color+Extension.swift in Sources */ = {isa = PBXBuildFile; fileRef = 59874001282269400031556D /* Color+Extension.swift */; };
/* End PBXBuildFile section */

/* Begin PBXFileReference section */
		590E66D82820AD3D00465CC7 /* Info-Rugby.app */ = {isa = PBXFileReference; explicitFileType = wrapper.application; includeInIndex = 0; path = "Info-Rugby.app"; sourceTree = BUILT_PRODUCTS_DIR; };
		590E66DB2820AD3D00465CC7 /* Info_RugbyApp.swift */ = {isa = PBXFileReference; lastKnownFileType = sourcecode.swift; path = Info_RugbyApp.swift; sourceTree = "<group>"; };
		590E66DD2820AD3D00465CC7 /* WhatIsRugby.swift */ = {isa = PBXFileReference; lastKnownFileType = sourcecode.swift; path = WhatIsRugby.swift; sourceTree = "<group>"; };
		590E66DF2820AD3E00465CC7 /* Assets.xcassets */ = {isa = PBXFileReference; lastKnownFileType = folder.assetcatalog; path = Assets.xcassets; sourceTree = "<group>"; };
		590E66E22820AD3E00465CC7 /* Preview Assets.xcassets */ = {isa = PBXFileReference; lastKnownFileType = folder.assetcatalog; path = "Preview Assets.xcassets"; sourceTree = "<group>"; };
		590E66E92820ADBD00465CC7 /* RugbyScore.swift */ = {isa = PBXFileReference; lastKnownFileType = sourcecode.swift; path = RugbyScore.swift; sourceTree = "<group>"; };
		590E66EB2820B1C800465CC7 /* RugbyLeagueUnion.swift */ = {isa = PBXFileReference; lastKnownFileType = sourcecode.swift; path = RugbyLeagueUnion.swift; sourceTree = "<group>"; };
		590E66ED2820BF9F00465CC7 /* RugbyVSAmericanFootball.swift */ = {isa = PBXFileReference; lastKnownFileType = sourcecode.swift; path = RugbyVSAmericanFootball.swift; sourceTree = "<group>"; };
		590E66EF2820C7AD00465CC7 /* TagAndTouch.swift */ = {isa = PBXFileReference; lastKnownFileType = sourcecode.swift; path = TagAndTouch.swift; sourceTree = "<group>"; };
		590E66F52820DDA400465CC7 /* CardNewsFormat.swift */ = {isa = PBXFileReference; lastKnownFileType = sourcecode.swift; path = CardNewsFormat.swift; sourceTree = "<group>"; };
		590E66F728216F1700465CC7 /* RugbyRules.swift */ = {isa = PBXFileReference; lastKnownFileType = sourcecode.swift; path = RugbyRules.swift; sourceTree = "<group>"; };
		590E66FA2821705C00465CC7 /* RugbyRulesFormat.swift */ = {isa = PBXFileReference; lastKnownFileType = sourcecode.swift; path = RugbyRulesFormat.swift; sourceTree = "<group>"; };
		590E66FC28217D3000465CC7 /* TagTouchRules.swift */ = {isa = PBXFileReference; lastKnownFileType = sourcecode.swift; path = TagTouchRules.swift; sourceTree = "<group>"; };
		590E66FF28217EFC00465CC7 /* TagTouchScore.swift */ = {isa = PBXFileReference; lastKnownFileType = sourcecode.swift; path = TagTouchScore.swift; sourceTree = "<group>"; };
		590E670428218A8600465CC7 /* FilterViewModel.swift */ = {isa = PBXFileReference; lastKnownFileType = sourcecode.swift; path = FilterViewModel.swift; sourceTree = "<group>"; };
		590E67062821965300465CC7 /* GeneralView.swift */ = {isa = PBXFileReference; lastKnownFileType = sourcecode.swift; path = GeneralView.swift; sourceTree = "<group>"; };
		590E67082821966600465CC7 /* TagTouchView.swift */ = {isa = PBXFileReference; lastKnownFileType = sourcecode.swift; path = TagTouchView.swift; sourceTree = "<group>"; };
		590E670F2821A49200465CC7 /* TabsView.swift */ = {isa = PBXFileReference; lastKnownFileType = sourcecode.swift; path = TabsView.swift; sourceTree = "<group>"; };
		590E67122821A6FF00465CC7 /* Info.swift */ = {isa = PBXFileReference; lastKnownFileType = sourcecode.swift; path = Info.swift; sourceTree = "<group>"; };
		590E67162821A75000465CC7 /* Terminology.swift */ = {isa = PBXFileReference; lastKnownFileType = sourcecode.swift; path = Terminology.swift; sourceTree = "<group>"; };
		59874001282269400031556D /* Color+Extension.swift */ = {isa = PBXFileReference; fileEncoding = 4; lastKnownFileType = sourcecode.swift; path = "Color+Extension.swift"; sourceTree = "<group>"; };
/* End PBXFileReference section */

/* Begin PBXFrameworksBuildPhase section */
		590E66D52820AD3D00465CC7 /* Frameworks */ = {
			isa = PBXFrameworksBuildPhase;
			buildActionMask = 2147483647;
			files = (
			);
			runOnlyForDeploymentPostprocessing = 0;
		};
/* End PBXFrameworksBuildPhase section */

/* Begin PBXGroup section */
		590E66CF2820AD3D00465CC7 = {
			isa = PBXGroup;
			children = (
				590E66DA2820AD3D00465CC7 /* Info-Rugby */,
				590E66D92820AD3D00465CC7 /* Products */,
			);
			sourceTree = "<group>";
		};
		590E66D92820AD3D00465CC7 /* Products */ = {
			isa = PBXGroup;
			children = (
				590E66D82820AD3D00465CC7 /* Info-Rugby.app */,
			);
			name = Products;
			sourceTree = "<group>";
		};
		590E66DA2820AD3D00465CC7 /* Info-Rugby */ = {
			isa = PBXGroup;
			children = (
				590E66DB2820AD3D00465CC7 /* Info_RugbyApp.swift */,
				590E670F2821A49200465CC7 /* TabsView.swift */,
				590E67152821A72B00465CC7 /* Terminology */,
				590E67142821A70700465CC7 /* Info */,
				590E67112821A4F300465CC7 /* Home */,
				590E670328218A6B00465CC7 /* ViewModels */,
				590E6702282182DA00465CC7 /* HomeScreen */,
				590E6701282182A000465CC7 /* Tag&Touch */,
				590E66F928216FC800465CC7 /* Extensions */,
				590E66DF2820AD3E00465CC7 /* Assets.xcassets */,
				590E66E12820AD3E00465CC7 /* Preview Content */,
			);
			path = "Info-Rugby";
			sourceTree = "<group>";
		};
		590E66E12820AD3E00465CC7 /* Preview Content */ = {
			isa = PBXGroup;
			children = (
				590E66E22820AD3E00465CC7 /* Preview Assets.xcassets */,
			);
			path = "Preview Content";
			sourceTree = "<group>";
		};
		590E66F928216FC800465CC7 /* Extensions */ = {
			isa = PBXGroup;
			children = (
				59874001282269400031556D /* Color+Extension.swift */,
				590E66F52820DDA400465CC7 /* CardNewsFormat.swift */,
				590E66FA2821705C00465CC7 /* RugbyRulesFormat.swift */,
			);
			path = Extensions;
			sourceTree = "<group>";
		};
		590E6701282182A000465CC7 /* Tag&Touch */ = {
			isa = PBXGroup;
			children = (
				590E66FC28217D3000465CC7 /* TagTouchRules.swift */,
				590E66EF2820C7AD00465CC7 /* TagAndTouch.swift */,
				590E66FF28217EFC00465CC7 /* TagTouchScore.swift */,
			);
			path = "Tag&Touch";
			sourceTree = "<group>";
		};
		590E6702282182DA00465CC7 /* HomeScreen */ = {
			isa = PBXGroup;
			children = (
				590E66E92820ADBD00465CC7 /* RugbyScore.swift */,
				590E66EB2820B1C800465CC7 /* RugbyLeagueUnion.swift */,
				590E66ED2820BF9F00465CC7 /* RugbyVSAmericanFootball.swift */,
				590E66F728216F1700465CC7 /* RugbyRules.swift */,
			);
			path = HomeScreen;
			sourceTree = "<group>";
		};
		590E670328218A6B00465CC7 /* ViewModels */ = {
			isa = PBXGroup;
			children = (
				590E670428218A8600465CC7 /* FilterViewModel.swift */,
			);
			path = ViewModels;
			sourceTree = "<group>";
		};
		590E67112821A4F300465CC7 /* Home */ = {
			isa = PBXGroup;
			children = (
				590E66DD2820AD3D00465CC7 /* WhatIsRugby.swift */,
				590E67062821965300465CC7 /* GeneralView.swift */,
				590E67082821966600465CC7 /* TagTouchView.swift */,
			);
			path = Home;
			sourceTree = "<group>";
		};
		590E67142821A70700465CC7 /* Info */ = {
			isa = PBXGroup;
			children = (
				590E67122821A6FF00465CC7 /* Info.swift */,
			);
			path = Info;
			sourceTree = "<group>";
		};
		590E67152821A72B00465CC7 /* Terminology */ = {
			isa = PBXGroup;
			children = (
				590E67162821A75000465CC7 /* Terminology.swift */,
			);
			path = Terminology;
			sourceTree = "<group>";
		};
/* End PBXGroup section */

/* Begin PBXNativeTarget section */
		590E66D72820AD3D00465CC7 /* Info-Rugby */ = {
			isa = PBXNativeTarget;
			buildConfigurationList = 590E66E62820AD3E00465CC7 /* Build configuration list for PBXNativeTarget "Info-Rugby" */;
			buildPhases = (
				590E66D42820AD3D00465CC7 /* Sources */,
				590E66D52820AD3D00465CC7 /* Frameworks */,
				590E66D62820AD3D00465CC7 /* Resources */,
			);
			buildRules = (
			);
			dependencies = (
			);
			name = "Info-Rugby";
			productName = "Info-Rugby";
			productReference = 590E66D82820AD3D00465CC7 /* Info-Rugby.app */;
			productType = "com.apple.product-type.application";
		};
/* End PBXNativeTarget section */

/* Begin PBXProject section */
		590E66D02820AD3D00465CC7 /* Project object */ = {
			isa = PBXProject;
			attributes = {
				BuildIndependentTargetsInParallel = 1;
				LastSwiftUpdateCheck = 1330;
				LastUpgradeCheck = 1330;
				TargetAttributes = {
					590E66D72820AD3D00465CC7 = {
						CreatedOnToolsVersion = 13.3;
					};
				};
			};
			buildConfigurationList = 590E66D32820AD3D00465CC7 /* Build configuration list for PBXProject "Info-Rugby" */;
			compatibilityVersion = "Xcode 13.0";
			developmentRegion = en;
			hasScannedForEncodings = 0;
			knownRegions = (
				en,
				Base,
			);
			mainGroup = 590E66CF2820AD3D00465CC7;
			productRefGroup = 590E66D92820AD3D00465CC7 /* Products */;
			projectDirPath = "";
			projectRoot = "";
			targets = (
				590E66D72820AD3D00465CC7 /* Info-Rugby */,
			);
		};
/* End PBXProject section */

/* Begin PBXResourcesBuildPhase section */
		590E66D62820AD3D00465CC7 /* Resources */ = {
			isa = PBXResourcesBuildPhase;
			buildActionMask = 2147483647;
			files = (
				590E66E32820AD3E00465CC7 /* Preview Assets.xcassets in Resources */,
				590E66E02820AD3E00465CC7 /* Assets.xcassets in Resources */,
			);
			runOnlyForDeploymentPostprocessing = 0;
		};
/* End PBXResourcesBuildPhase section */

/* Begin PBXSourcesBuildPhase section */
		590E66D42820AD3D00465CC7 /* Sources */ = {
			isa = PBXSourcesBuildPhase;
			buildActionMask = 2147483647;
			files = (
				590E67132821A6FF00465CC7 /* Info.swift in Sources */,
				59874002282269400031556D /* Color+Extension.swift in Sources */,
				590E66F62820DDA400465CC7 /* CardNewsFormat.swift in Sources */,
				590E66F02820C7AD00465CC7 /* TagAndTouch.swift in Sources */,
				590E66EA2820ADBD00465CC7 /* RugbyScore.swift in Sources */,
				590E66EE2820BF9F00465CC7 /* RugbyVSAmericanFootball.swift in Sources */,
				590E66FD28217D3000465CC7 /* TagTouchRules.swift in Sources */,
				590E67072821965300465CC7 /* GeneralView.swift in Sources */,
				590E66DE2820AD3D00465CC7 /* WhatIsRugby.swift in Sources */,
				590E67102821A49200465CC7 /* TabsView.swift in Sources */,
				590E67092821966600465CC7 /* TagTouchView.swift in Sources */,
				590E670028217EFC00465CC7 /* TagTouchScore.swift in Sources */,
				590E66EC2820B1C800465CC7 /* RugbyLeagueUnion.swift in Sources */,
				590E66DC2820AD3D00465CC7 /* Info_RugbyApp.swift in Sources */,
				590E67172821A75000465CC7 /* Terminology.swift in Sources */,
				590E66F828216F1700465CC7 /* RugbyRules.swift in Sources */,
				590E670528218A8600465CC7 /* FilterViewModel.swift in Sources */,
				590E66FB2821705C00465CC7 /* RugbyRulesFormat.swift in Sources */,
			);
			runOnlyForDeploymentPostprocessing = 0;
		};
/* End PBXSourcesBuildPhase section */

/* Begin XCBuildConfiguration section */
		590E66E42820AD3E00465CC7 /* Debug */ = {
			isa = XCBuildConfiguration;
			buildSettings = {
				ALWAYS_SEARCH_USER_PATHS = NO;
				CLANG_ANALYZER_NONNULL = YES;
				CLANG_ANALYZER_NUMBER_OBJECT_CONVERSION = YES_AGGRESSIVE;
				CLANG_CXX_LANGUAGE_STANDARD = "gnu++17";
				CLANG_ENABLE_MODULES = YES;
				CLANG_ENABLE_OBJC_ARC = YES;
				CLANG_ENABLE_OBJC_WEAK = YES;
				CLANG_WARN_BLOCK_CAPTURE_AUTORELEASING = YES;
				CLANG_WARN_BOOL_CONVERSION = YES;
				CLANG_WARN_COMMA = YES;
				CLANG_WARN_CONSTANT_CONVERSION = YES;
				CLANG_WARN_DEPRECATED_OBJC_IMPLEMENTATIONS = YES;
				CLANG_WARN_DIRECT_OBJC_ISA_USAGE = YES_ERROR;
				CLANG_WARN_DOCUMENTATION_COMMENTS = YES;
				CLANG_WARN_EMPTY_BODY = YES;
				CLANG_WARN_ENUM_CONVERSION = YES;
				CLANG_WARN_INFINITE_RECURSION = YES;
				CLANG_WARN_INT_CONVERSION = YES;
				CLANG_WARN_NON_LITERAL_NULL_CONVERSION = YES;
				CLANG_WARN_OBJC_IMPLICIT_RETAIN_SELF = YES;
				CLANG_WARN_OBJC_LITERAL_CONVERSION = YES;
				CLANG_WARN_OBJC_ROOT_CLASS = YES_ERROR;
				CLANG_WARN_QUOTED_INCLUDE_IN_FRAMEWORK_HEADER = YES;
				CLANG_WARN_RANGE_LOOP_ANALYSIS = YES;
				CLANG_WARN_STRICT_PROTOTYPES = YES;
				CLANG_WARN_SUSPICIOUS_MOVE = YES;
				CLANG_WARN_UNGUARDED_AVAILABILITY = YES_AGGRESSIVE;
				CLANG_WARN_UNREACHABLE_CODE = YES;
				CLANG_WARN__DUPLICATE_METHOD_MATCH = YES;
				COPY_PHASE_STRIP = NO;
				DEBUG_INFORMATION_FORMAT = dwarf;
				ENABLE_STRICT_OBJC_MSGSEND = YES;
				ENABLE_TESTABILITY = YES;
				GCC_C_LANGUAGE_STANDARD = gnu11;
				GCC_DYNAMIC_NO_PIC = NO;
				GCC_NO_COMMON_BLOCKS = YES;
				GCC_OPTIMIZATION_LEVEL = 0;
				GCC_PREPROCESSOR_DEFINITIONS = (
					"DEBUG=1",
					"$(inherited)",
				);
				GCC_WARN_64_TO_32_BIT_CONVERSION = YES;
				GCC_WARN_ABOUT_RETURN_TYPE = YES_ERROR;
				GCC_WARN_UNDECLARED_SELECTOR = YES;
				GCC_WARN_UNINITIALIZED_AUTOS = YES_AGGRESSIVE;
				GCC_WARN_UNUSED_FUNCTION = YES;
				GCC_WARN_UNUSED_VARIABLE = YES;
				IPHONEOS_DEPLOYMENT_TARGET = 15.4;
				MTL_ENABLE_DEBUG_INFO = INCLUDE_SOURCE;
				MTL_FAST_MATH = YES;
				ONLY_ACTIVE_ARCH = YES;
				SDKROOT = iphoneos;
				SWIFT_ACTIVE_COMPILATION_CONDITIONS = DEBUG;
				SWIFT_OPTIMIZATION_LEVEL = "-Onone";
			};
			name = Debug;
		};
		590E66E52820AD3E00465CC7 /* Release */ = {
			isa = XCBuildConfiguration;
			buildSettings = {
				ALWAYS_SEARCH_USER_PATHS = NO;
				CLANG_ANALYZER_NONNULL = YES;
				CLANG_ANALYZER_NUMBER_OBJECT_CONVERSION = YES_AGGRESSIVE;
				CLANG_CXX_LANGUAGE_STANDARD = "gnu++17";
				CLANG_ENABLE_MODULES = YES;
				CLANG_ENABLE_OBJC_ARC = YES;
				CLANG_ENABLE_OBJC_WEAK = YES;
				CLANG_WARN_BLOCK_CAPTURE_AUTORELEASING = YES;
				CLANG_WARN_BOOL_CONVERSION = YES;
				CLANG_WARN_COMMA = YES;
				CLANG_WARN_CONSTANT_CONVERSION = YES;
				CLANG_WARN_DEPRECATED_OBJC_IMPLEMENTATIONS = YES;
				CLANG_WARN_DIRECT_OBJC_ISA_USAGE = YES_ERROR;
				CLANG_WARN_DOCUMENTATION_COMMENTS = YES;
				CLANG_WARN_EMPTY_BODY = YES;
				CLANG_WARN_ENUM_CONVERSION = YES;
				CLANG_WARN_INFINITE_RECURSION = YES;
				CLANG_WARN_INT_CONVERSION = YES;
				CLANG_WARN_NON_LITERAL_NULL_CONVERSION = YES;
				CLANG_WARN_OBJC_IMPLICIT_RETAIN_SELF = YES;
				CLANG_WARN_OBJC_LITERAL_CONVERSION = YES;
				CLANG_WARN_OBJC_ROOT_CLASS = YES_ERROR;
				CLANG_WARN_QUOTED_INCLUDE_IN_FRAMEWORK_HEADER = YES;
				CLANG_WARN_RANGE_LOOP_ANALYSIS = YES;
				CLANG_WARN_STRICT_PROTOTYPES = YES;
				CLANG_WARN_SUSPICIOUS_MOVE = YES;
				CLANG_WARN_UNGUARDED_AVAILABILITY = YES_AGGRESSIVE;
				CLANG_WARN_UNREACHABLE_CODE = YES;
				CLANG_WARN__DUPLICATE_METHOD_MATCH = YES;
				COPY_PHASE_STRIP = NO;
				DEBUG_INFORMATION_FORMAT = "dwarf-with-dsym";
				ENABLE_NS_ASSERTIONS = NO;
				ENABLE_STRICT_OBJC_MSGSEND = YES;
				GCC_C_LANGUAGE_STANDARD = gnu11;
				GCC_NO_COMMON_BLOCKS = YES;
				GCC_WARN_64_TO_32_BIT_CONVERSION = YES;
				GCC_WARN_ABOUT_RETURN_TYPE = YES_ERROR;
				GCC_WARN_UNDECLARED_SELECTOR = YES;
				GCC_WARN_UNINITIALIZED_AUTOS = YES_AGGRESSIVE;
				GCC_WARN_UNUSED_FUNCTION = YES;
				GCC_WARN_UNUSED_VARIABLE = YES;
				IPHONEOS_DEPLOYMENT_TARGET = 15.4;
				MTL_ENABLE_DEBUG_INFO = NO;
				MTL_FAST_MATH = YES;
				SDKROOT = iphoneos;
				SWIFT_COMPILATION_MODE = wholemodule;
				SWIFT_OPTIMIZATION_LEVEL = "-O";
				VALIDATE_PRODUCT = YES;
			};
			name = Release;
		};
		590E66E72820AD3E00465CC7 /* Debug */ = {
			isa = XCBuildConfiguration;
			buildSettings = {
				ASSETCATALOG_COMPILER_APPICON_NAME = AppIcon;
				ASSETCATALOG_COMPILER_GLOBAL_ACCENT_COLOR_NAME = AccentColor;
				CODE_SIGN_STYLE = Automatic;
				CURRENT_PROJECT_VERSION = 1;
				DEVELOPMENT_ASSET_PATHS = "\"Info-Rugby/Preview Content\"";
				DEVELOPMENT_TEAM = 5F9657NRX4;
				ENABLE_PREVIEWS = YES;
				GENERATE_INFOPLIST_FILE = YES;
				INFOPLIST_KEY_UIApplicationSceneManifest_Generation = YES;
				INFOPLIST_KEY_UIApplicationSupportsIndirectInputEvents = YES;
				INFOPLIST_KEY_UILaunchScreen_Generation = YES;
				INFOPLIST_KEY_UISupportedInterfaceOrientations_iPad = "UIInterfaceOrientationPortrait UIInterfaceOrientationPortraitUpsideDown UIInterfaceOrientationLandscapeLeft UIInterfaceOrientationLandscapeRight";
				INFOPLIST_KEY_UISupportedInterfaceOrientations_iPhone = "UIInterfaceOrientationPortrait UIInterfaceOrientationLandscapeLeft UIInterfaceOrientationLandscapeRight";
				LD_RUNPATH_SEARCH_PATHS = (
					"$(inherited)",
					"@executable_path/Frameworks",
				);
				MARKETING_VERSION = 1.0;
				PRODUCT_BUNDLE_IDENTIFIER = "dev.OZ.Info-Rugby";
				PRODUCT_NAME = "$(TARGET_NAME)";
				SWIFT_EMIT_LOC_STRINGS = YES;
				SWIFT_VERSION = 5.0;
				TARGETED_DEVICE_FAMILY = "1,2";
			};
			name = Debug;
		};
		590E66E82820AD3E00465CC7 /* Release */ = {
			isa = XCBuildConfiguration;
			buildSettings = {
				ASSETCATALOG_COMPILER_APPICON_NAME = AppIcon;
				ASSETCATALOG_COMPILER_GLOBAL_ACCENT_COLOR_NAME = AccentColor;
				CODE_SIGN_STYLE = Automatic;
				CURRENT_PROJECT_VERSION = 1;
				DEVELOPMENT_ASSET_PATHS = "\"Info-Rugby/Preview Content\"";
				DEVELOPMENT_TEAM = 5F9657NRX4;
				ENABLE_PREVIEWS = YES;
				GENERATE_INFOPLIST_FILE = YES;
				INFOPLIST_KEY_UIApplicationSceneManifest_Generation = YES;
				INFOPLIST_KEY_UIApplicationSupportsIndirectInputEvents = YES;
				INFOPLIST_KEY_UILaunchScreen_Generation = YES;
				INFOPLIST_KEY_UISupportedInterfaceOrientations_iPad = "UIInterfaceOrientationPortrait UIInterfaceOrientationPortraitUpsideDown UIInterfaceOrientationLandscapeLeft UIInterfaceOrientationLandscapeRight";
				INFOPLIST_KEY_UISupportedInterfaceOrientations_iPhone = "UIInterfaceOrientationPortrait UIInterfaceOrientationLandscapeLeft UIInterfaceOrientationLandscapeRight";
				LD_RUNPATH_SEARCH_PATHS = (
					"$(inherited)",
					"@executable_path/Frameworks",
				);
				MARKETING_VERSION = 1.0;
				PRODUCT_BUNDLE_IDENTIFIER = "dev.OZ.Info-Rugby";
				PRODUCT_NAME = "$(TARGET_NAME)";
				SWIFT_EMIT_LOC_STRINGS = YES;
				SWIFT_VERSION = 5.0;
				TARGETED_DEVICE_FAMILY = "1,2";
			};
			name = Release;
		};
/* End XCBuildConfiguration section */

/* Begin XCConfigurationList section */
		590E66D32820AD3D00465CC7 /* Build configuration list for PBXProject "Info-Rugby" */ = {
			isa = XCConfigurationList;
			buildConfigurations = (
				590E66E42820AD3E00465CC7 /* Debug */,
				590E66E52820AD3E00465CC7 /* Release */,
			);
			defaultConfigurationIsVisible = 0;
			defaultConfigurationName = Release;
		};
		590E66E62820AD3E00465CC7 /* Build configuration list for PBXNativeTarget "Info-Rugby" */ = {
			isa = XCConfigurationList;
			buildConfigurations = (
				590E66E72820AD3E00465CC7 /* Debug */,
				590E66E82820AD3E00465CC7 /* Release */,
			);
			defaultConfigurationIsVisible = 0;
			defaultConfigurationName = Release;
		};
/* End XCConfigurationList section */
	};
	rootObject = 590E66D02820AD3D00465CC7 /* Project object */;
}
